
Microsoft Visual Studio Solution File, Format Version 12.00
# Visual Studio Version 16
VisualStudioVersion = 16.0.29215.179
MinimumVisualStudioVersion = 10.0.40219.1
Project("{FAE04EC0-301F-11D3-BF4B-00C04F79EFBC}") = "WindowsFormsApp1", "WindowsFormsApp1.csproj", "{71DB5BB8-03DE-4706-AB0F-7DB49ACC5861}"
EndProject
Global
	GlobalSection(SolutionConfigurationPlatforms) = preSolution
		Debug|Any CPU = Debug|Any CPU
		Release|Any CPU = Release|Any CPU
	EndGlobalSection
	GlobalSection(ProjectConfigurationPlatforms) = postSolution
		{71DB5BB8-03DE-4706-AB0F-7DB49ACC5861}.Debug|Any CPU.ActiveCfg = Debug|Any CPU
		{71DB5BB8-03DE-4706-AB0F-7DB49ACC5861}.Debug|Any CPU.Build.0 = Debug|Any CPU
		{71DB5BB8-03DE-4706-AB0F-7DB49ACC5861}.Release|Any CPU.ActiveCfg = Release|Any CPU
		{71DB5BB8-03DE-4706-AB0F-7DB49ACC5861}.Release|Any CPU.Build.0 = Release|Any CPU
	EndGlobalSection
	GlobalSection(SolutionProperties) = preSolution
		HideSolutionNode = FALSE
	EndGlobalSection
	GlobalSection(ExtensibilityGlobals) = postSolution
		SolutionGuid = {14D29DC7-4E38-4561-AF28-19D7BE19F9C7}
	EndGlobalSection
EndGlobal
